{
  "requires": true,
  "lockfileVersion": 1,
  "dependencies": {
    "react-drag-and-drop": {
      "version": "2.4.0",
      "resolved": "https://registry.npmjs.org/react-drag-and-drop/-/react-drag-and-drop-2.4.0.tgz",
      "integrity": "sha1-jUKfddHgsKAz30+AtDa0vdfQetU=",
      "dev": true
    }
  }
}
